<?xml version="1.0" encoding="utf-8"?>
<Project ToolsVersion="4.0" xmlns="http://schemas.microsoft.com/developer/msbuild/2003">
  <ItemGroup>
    <Filter Include="Source Files">
      <UniqueIdentifier>{4FC737F1-C7A5-4376-A066-2A32D752A2FF}</UniqueIdentifier>
      <Extensions>cpp;c;cxx;def;odl;idl;hpj;bat;asm;asmx</Extensions>
    </Filter>
    <Filter Include="Source Files\objects">
      <UniqueIdentifier>{c987604c-c4b4-4877-adca-01198175fd70}</UniqueIdentifier>
    </Filter>
    <Filter Include="Source Files\control">
      <UniqueIdentifier>{06770845-47bc-41fd-acd9-7b1976c20225}</UniqueIdentifier>
    </Filter>
    <Filter Include="Source Files\calculations">
      <UniqueIdentifier>{bf95cb7e-eb41-4a57-a815-19c1c2e1cb2e}</UniqueIdentifier>
    </Filter>
    <Filter Include="Source Files\xml">
      <UniqueIdentifier>{be35eb7d-185d-47d8-a83b-ba3d1bfefdf7}</UniqueIdentifier>
    </Filter>
    <Filter Include="Resource Files">
      <UniqueIdentifier>{67DA6AB6-F800-4c08-8B7A-83BB121AAD01}</UniqueIdentifier>
      <Extensions>rc;ico;cur;bmp;dlg;rc2;rct;bin;rgs;gif;jpg;jpeg;jpe;resx</Extensions>
    </Filter>
    <Filter Include="Header Files">
      <UniqueIdentifier>{93995380-89BD-4b04-88EB-625FBE52EBFB}</UniqueIdentifier>
      <Extensions>h;hpp;hxx;hm;inl;inc;xsd</Extensions>
    </Filter>
    <Filter Include="Header Files\control">
      <UniqueIdentifier>{736d0ab0-b0f8-4ab0-9684-1c50a1ade6c9}</UniqueIdentifier>
    </Filter>
    <Filter Include="Header Files\objects">
      <UniqueIdentifier>{cd572597-755e-4d87-aeb2-e08cfa6d70eb}</UniqueIdentifier>
    </Filter>
    <Filter Include="Header Files\calculations">
      <UniqueIdentifier>{b5ccb76b-a1d0-4eb1-8070-691258f44eff}</UniqueIdentifier>
    </Filter>
    <Filter Include="Header Files\xml">
      <UniqueIdentifier>{2f738ce8-ad7e-47d5-b71a-c4b9e175a796}</UniqueIdentifier>
    </Filter>
  </ItemGroup>
  <ItemGroup>
    <ClCompile Include="GODEngine.cpp">
      <Filter>Source Files</Filter>
    </ClCompile>
    <ClCompile Include="GODUtilConstructor.cpp">
      <Filter>Source Files</Filter>
    </ClCompile>
    <ClCompile Include="stdafx.cpp">
      <Filter>Source Files</Filter>
    </ClCompile>
    <ClCompile Include="objects\GODArrowObject.cpp">
      <Filter>Source Files\objects</Filter>
    </ClCompile>
    <ClCompile Include="objects\GODGameTypeObject.cpp">
      <Filter>Source Files\objects</Filter>
    </ClCompile>
    <ClCompile Include="objects\GODItemObject.cpp">
      <Filter>Source Files\objects</Filter>
    </ClCompile>
    <ClCompile Include="objects\GODLandscapeAreaObject.cpp">
      <Filter>Source Files\objects</Filter>
    </ClCompile>
    <ClCompile Include="objects\GODLandscapeObject.cpp">
      <Filter>Source Files\objects</Filter>
    </ClCompile>
    <ClCompile Include="objects\GODMissionObject.cpp">
      <Filter>Source Files\objects</Filter>
    </ClCompile>
    <ClCompile Include="objects\GODPathObject.cpp">
      <Filter>Source Files\objects</Filter>
    </ClCompile>
    <ClCompile Include="objects\GODScriptObject.cpp">
      <Filter>Source Files\objects</Filter>
    </ClCompile>
    <ClCompile Include="objects\GODTempUnitObject.cpp">
      <Filter>Source Files\objects</Filter>
    </ClCompile>
    <ClCompile Include="objects\GODUnitModifierObject.cpp">
      <Filter>Source Files\objects</Filter>
    </ClCompile>
    <ClCompile Include="objects\GODUnitObject.cpp">
      <Filter>Source Files\objects</Filter>
    </ClCompile>
    <ClCompile Include="objects\GODUnitTypeObject.cpp">
      <Filter>Source Files\objects</Filter>
    </ClCompile>
    <ClCompile Include="objects\GODWaveObject.cpp">
      <Filter>Source Files\objects</Filter>
    </ClCompile>
    <ClCompile Include="control\GODAddEvents.cpp">
      <Filter>Source Files\control</Filter>
    </ClCompile>
    <ClCompile Include="control\GODEvents.cpp">
      <Filter>Source Files\control</Filter>
    </ClCompile>
    <ClCompile Include="control\GODLandscapeControl.cpp">
      <Filter>Source Files\control</Filter>
    </ClCompile>
    <ClCompile Include="control\GODMissionControl.cpp">
      <Filter>Source Files\control</Filter>
    </ClCompile>
    <ClCompile Include="control\GODUnitControl.cpp">
      <Filter>Source Files\control</Filter>
    </ClCompile>
    <ClCompile Include="control\GODUnitTypeControl.cpp">
      <Filter>Source Files\control</Filter>
    </ClCompile>
    <ClCompile Include="control\GODWaveControl.cpp">
      <Filter>Source Files\control</Filter>
    </ClCompile>
    <ClCompile Include="calculations\GODAssaultPathFinder.cpp">
      <Filter>Source Files\calculations</Filter>
    </ClCompile>
    <ClCompile Include="calculations\GODCombat.cpp">
      <Filter>Source Files\calculations</Filter>
    </ClCompile>
    <ClCompile Include="calculations\GODPathFinder.cpp">
      <Filter>Source Files\calculations</Filter>
    </ClCompile>
    <ClCompile Include="calculations\GODTowerDefensePathFinder.cpp">
      <Filter>Source Files\calculations</Filter>
    </ClCompile>
    <ClCompile Include="xml\GODAttribute.cpp">
      <Filter>Source Files\xml</Filter>
    </ClCompile>
    <ClCompile Include="xml\GODAttributes.cpp">
      <Filter>Source Files\xml</Filter>
    </ClCompile>
    <ClCompile Include="xml\GODXMLMapping.cpp">
      <Filter>Source Files\xml</Filter>
    </ClCompile>
    <ClCompile Include="xml\GODXMLObject.cpp">
      <Filter>Source Files\xml</Filter>
    </ClCompile>
    <ClCompile Include="xml\GODXMLParser.cpp">
      <Filter>Source Files\xml</Filter>
    </ClCompile>
  </ItemGroup>
  <ItemGroup>
    <ClInclude Include="..\includes\bunbunwar\GODEngine.h">
      <Filter>Header Files</Filter>
    </ClInclude>
    <ClInclude Include="GODUtilConstructor.h">
      <Filter>Header Files</Filter>
    </ClInclude>
    <ClInclude Include="stdafx.h">
      <Filter>Header Files</Filter>
    </ClInclude>
    <ClInclude Include="..\includes\bunbunwar\stdincludes.h">
      <Filter>Header Files</Filter>
    </ClInclude>
    <ClInclude Include="control\GODAddEvents.h">
      <Filter>Header Files\control</Filter>
    </ClInclude>
    <ClInclude Include="control\GODControl.h">
      <Filter>Header Files\control</Filter>
    </ClInclude>
    <ClInclude Include="control\GODEvents.h">
      <Filter>Header Files\control</Filter>
    </ClInclude>
    <ClInclude Include="control\GODLandscapeControl.h">
      <Filter>Header Files\control</Filter>
    </ClInclude>
    <ClInclude Include="control\GODMissionControl.h">
      <Filter>Header Files\control</Filter>
    </ClInclude>
    <ClInclude Include="control\GODUnitControl.h">
      <Filter>Header Files\control</Filter>
    </ClInclude>
    <ClInclude Include="control\GODUnitTypeControl.h">
      <Filter>Header Files\control</Filter>
    </ClInclude>
    <ClInclude Include="control\GODWaveControl.h">
      <Filter>Header Files\control</Filter>
    </ClInclude>
    <ClInclude Include="objects\GODArrowObject.h">
      <Filter>Header Files\objects</Filter>
    </ClInclude>
    <ClInclude Include="objects\GODGameTypeObject.h">
      <Filter>Header Files\objects</Filter>
    </ClInclude>
    <ClInclude Include="objects\GODItemObject.h">
      <Filter>Header Files\objects</Filter>
    </ClInclude>
    <ClInclude Include="objects\GODLandscapeAreaObject.h">
      <Filter>Header Files\objects</Filter>
    </ClInclude>
    <ClInclude Include="objects\GODLandscapeObject.h">
      <Filter>Header Files\objects</Filter>
    </ClInclude>
    <ClInclude Include="objects\GODMissionObject.h">
      <Filter>Header Files\objects</Filter>
    </ClInclude>
    <ClInclude Include="objects\GODObject.h">
      <Filter>Header Files\objects</Filter>
    </ClInclude>
    <ClInclude Include="objects\GODObjects.h">
      <Filter>Header Files\objects</Filter>
    </ClInclude>
    <ClInclude Include="objects\GODPathObject.h">
      <Filter>Header Files\objects</Filter>
    </ClInclude>
    <ClInclude Include="objects\GODScriptObject.h">
      <Filter>Header Files\objects</Filter>
    </ClInclude>
    <ClInclude Include="objects\GODTempUnitObject.h">
      <Filter>Header Files\objects</Filter>
    </ClInclude>
    <ClInclude Include="objects\GODUnitModifierObject.h">
      <Filter>Header Files\objects</Filter>
    </ClInclude>
    <ClInclude Include="objects\GODUnitObject.h">
      <Filter>Header Files\objects</Filter>
    </ClInclude>
    <ClInclude Include="objects\GODUnitTypeObject.h">
      <Filter>Header Files\objects</Filter>
    </ClInclude>
    <ClInclude Include="objects\GODWaveObject.h">
      <Filter>Header Files\objects</Filter>
    </ClInclude>
    <ClInclude Include="calculations\GODAssaultPathFinder.h">
      <Filter>Header Files\calculations</Filter>
    </ClInclude>
    <ClInclude Include="calculations\GODCalculations.h">
      <Filter>Header Files\calculations</Filter>
    </ClInclude>
    <ClInclude Include="calculations\GODCombat.h">
      <Filter>Header Files\calculations</Filter>
    </ClInclude>
    <ClInclude Include="calculations\GODPathFinder.h">
      <Filter>Header Files\calculations</Filter>
    </ClInclude>
    <ClInclude Include="calculations\GODTowerDefensePathFinder.h">
      <Filter>Header Files\calculations</Filter>
    </ClInclude>
    <ClInclude Include="xml\GODAttribute.h">
      <Filter>Header Files\xml</Filter>
    </ClInclude>
    <ClInclude Include="xml\GODAttributes.h">
      <Filter>Header Files\xml</Filter>
    </ClInclude>
    <ClInclude Include="xml\GODXML.h">
      <Filter>Header Files\xml</Filter>
    </ClInclude>
    <ClInclude Include="xml\GODXMLMapping.h">
      <Filter>Header Files\xml</Filter>
    </ClInclude>
    <ClInclude Include="xml\GODXMLObject.h">
      <Filter>Header Files\xml</Filter>
    </ClInclude>
    <ClInclude Include="xml\GODXMLObjectParser.h">
      <Filter>Header Files\xml</Filter>
    </ClInclude>
    <ClInclude Include="xml\GODXMLParser.h">
      <Filter>Header Files\xml</Filter>
    </ClInclude>
  </ItemGroup>
  <ItemGroup>
    <None Include="ReadMe.txt" />
  </ItemGroup>
</Project>